
Microsoft Visual Studio Solution File, Format Version 11.00
# Visual Studio 2010
Project("{FAE04EC0-301F-11D3-BF4B-00C04F79EFBC}") = "RoastPotato.Application.Tests", "RoastPotato.Application.Tests\RoastPotato.Application.Tests.csproj", "{2EB588A0-6680-4155-A03D-B2AF3760C250}"
EndProject
Project("{FAE04EC0-301F-11D3-BF4B-00C04F79EFBC}") = "RoastPotato.Recipes", "RoastPotato.Recipes\RoastPotato.Recipes.csproj", "{0C59C3CC-B886-4A53-A841-0FA18099082A}"
EndProject
Global
	GlobalSection(SolutionConfigurationPlatforms) = preSolution
		Debug|Any CPU = Debug|Any CPU
		Release|Any CPU = Release|Any CPU
	EndGlobalSection
	GlobalSection(ProjectConfigurationPlatforms) = postSolution
		{2EB588A0-6680-4155-A03D-B2AF3760C250}.Debug|Any CPU.ActiveCfg = Debug|Any CPU
		{2EB588A0-6680-4155-A03D-B2AF3760C250}.Debug|Any CPU.Build.0 = Debug|Any CPU
		{2EB588A0-6680-4155-A03D-B2AF3760C250}.Release|Any CPU.ActiveCfg = Release|Any CPU
		{2EB588A0-6680-4155-A03D-B2AF3760C250}.Release|Any CPU.Build.0 = Release|Any CPU
		{0C59C3CC-B886-4A53-A841-0FA18099082A}.Debug|Any CPU.ActiveCfg = Debug|Any CPU
		{0C59C3CC-B886-4A53-A841-0FA18099082A}.Debug|Any CPU.Build.0 = Debug|Any CPU
		{0C59C3CC-B886-4A53-A841-0FA18099082A}.Release|Any CPU.ActiveCfg = Release|Any CPU
		{0C59C3CC-B886-4A53-A841-0FA18099082A}.Release|Any CPU.Build.0 = Release|Any CPU
	EndGlobalSection
	GlobalSection(SolutionProperties) = preSolution
		HideSolutionNode = FALSE
	EndGlobalSection
EndGlobal
